// !$*UTF8*$!
{
	archiveVersion = 1;
	classes = {
	};
	objectVersion = 46;
	objects = {

/* Begin PBXBuildFile section */
		1E0D3BB21DA7308F009B3E40 /* AppDelegate.swift in Sources */ = {isa = PBXBuildFile; fileRef = 1E0D3BB11DA7308F009B3E40 /* AppDelegate.swift */; };
		1E0D3BB41DA7308F009B3E40 /* LoginViewController.swift in Sources */ = {isa = PBXBuildFile; fileRef = 1E0D3BB31DA7308F009B3E40 /* LoginViewController.swift */; };
		1E0D3BB71DA7308F009B3E40 /* Main.storyboard in Resources */ = {isa = PBXBuildFile; fileRef = 1E0D3BB51DA7308F009B3E40 /* Main.storyboard */; };
		1E0D3BB91DA7308F009B3E40 /* Assets.xcassets in Resources */ = {isa = PBXBuildFile; fileRef = 1E0D3BB81DA7308F009B3E40 /* Assets.xcassets */; };
		1E0D3BBC1DA7308F009B3E40 /* LaunchScreen.storyboard in Resources */ = {isa = PBXBuildFile; fileRef = 1E0D3BBA1DA7308F009B3E40 /* LaunchScreen.storyboard */; };
		1E1950D11DAFF3CC00E4EC2E /* TableViewCell.swift in Sources */ = {isa = PBXBuildFile; fileRef = 1E1950D01DAFF3CC00E4EC2E /* TableViewCell.swift */; };
		1E1950D31DB0754500E4EC2E /* NewPostAndEdit.swift in Sources */ = {isa = PBXBuildFile; fileRef = 1E1950D21DB0754500E4EC2E /* NewPostAndEdit.swift */; };
		1E44EED21DA8774B0054C5A2 /* CoreDataStack.swift in Sources */ = {isa = PBXBuildFile; fileRef = 1E44EED11DA8774B0054C5A2 /* CoreDataStack.swift */; };
		1E44EED51DA877CB0054C5A2 /* NetworkController.swift in Sources */ = {isa = PBXBuildFile; fileRef = 1E44EED31DA877CB0054C5A2 /* NetworkController.swift */; };
		1E44EED61DA877CB0054C5A2 /* SharedErrorHandeling.swift in Sources */ = {isa = PBXBuildFile; fileRef = 1E44EED41DA877CB0054C5A2 /* SharedErrorHandeling.swift */; };
		1E44EEDB1DA88EC20054C5A2 /* DataModel.xcdatamodeld in Sources */ = {isa = PBXBuildFile; fileRef = 1E44EED91DA88EC20054C5A2 /* DataModel.xcdatamodeld */; };
		1E44EEDE1DA8911C0054C5A2 /* BlogPost.swift in Sources */ = {isa = PBXBuildFile; fileRef = 1E44EEDD1DA8911C0054C5A2 /* BlogPost.swift */; };
		1E44EEE01DA891C70054C5A2 /* DataController.swift in Sources */ = {isa = PBXBuildFile; fileRef = 1E44EEDF1DA891C70054C5A2 /* DataController.swift */; };
		1E44EEE21DA8951A0054C5A2 /* BlogServerAPI.swift in Sources */ = {isa = PBXBuildFile; fileRef = 1E44EEE11DA8951A0054C5A2 /* BlogServerAPI.swift */; };
		1E78C8691DA9689600FA6A94 /* UserDefaults.swift in Sources */ = {isa = PBXBuildFile; fileRef = 1E78C8681DA9689600FA6A94 /* UserDefaults.swift */; };
		1E78C86B1DA9973900FA6A94 /* SharedViewExtensions.swift in Sources */ = {isa = PBXBuildFile; fileRef = 1E78C86A1DA9973900FA6A94 /* SharedViewExtensions.swift */; };
		1E78C86F1DA9BFE400FA6A94 /* MyPostsController.swift in Sources */ = {isa = PBXBuildFile; fileRef = 1E78C86E1DA9BFE400FA6A94 /* MyPostsController.swift */; };
		1ED81BC81DA83FDE004D252F /* SignupViewController.swift in Sources */ = {isa = PBXBuildFile; fileRef = 1ED81BC71DA83FDE004D252F /* SignupViewController.swift */; };
		1ED81BCA1DA84162004D252F /* Keyboard Controll.swift in Sources */ = {isa = PBXBuildFile; fileRef = 1ED81BC91DA84162004D252F /* Keyboard Controll.swift */; };
/* End PBXBuildFile section */

/* Begin PBXFileReference section */
		1E0D3BAE1DA7308F009B3E40 /* BlogClient.app */ = {isa = PBXFileReference; explicitFileType = wrapper.application; includeInIndex = 0; path = BlogClient.app; sourceTree = BUILT_PRODUCTS_DIR; };
		1E0D3BB11DA7308F009B3E40 /* AppDelegate.swift */ = {isa = PBXFileReference; lastKnownFileType = sourcecode.swift; path = AppDelegate.swift; sourceTree = "<group>"; };
		1E0D3BB31DA7308F009B3E40 /* LoginViewController.swift */ = {isa = PBXFileReference; lastKnownFileType = sourcecode.swift; path = LoginViewController.swift; sourceTree = "<group>"; };
		1E0D3BB61DA7308F009B3E40 /* Base */ = {isa = PBXFileReference; lastKnownFileType = file.storyboard; name = Base; path = Base.lproj/Main.storyboard; sourceTree = "<group>"; };
		1E0D3BB81DA7308F009B3E40 /* Assets.xcassets */ = {isa = PBXFileReference; lastKnownFileType = folder.assetcatalog; path = Assets.xcassets; sourceTree = "<group>"; };
		1E0D3BBB1DA7308F009B3E40 /* Base */ = {isa = PBXFileReference; lastKnownFileType = file.storyboard; name = Base; path = Base.lproj/LaunchScreen.storyboard; sourceTree = "<group>"; };
		1E0D3BBD1DA7308F009B3E40 /* Info.plist */ = {isa = PBXFileReference; lastKnownFileType = text.plist.xml; path = Info.plist; sourceTree = "<group>"; };
		1E1950D01DAFF3CC00E4EC2E /* TableViewCell.swift */ = {isa = PBXFileReference; fileEncoding = 4; lastKnownFileType = sourcecode.swift; path = TableViewCell.swift; sourceTree = "<group>"; };
		1E1950D21DB0754500E4EC2E /* NewPostAndEdit.swift */ = {isa = PBXFileReference; fileEncoding = 4; lastKnownFileType = sourcecode.swift; path = NewPostAndEdit.swift; sourceTree = "<group>"; };
		1E44EED11DA8774B0054C5A2 /* CoreDataStack.swift */ = {isa = PBXFileReference; fileEncoding = 4; lastKnownFileType = sourcecode.swift; path = CoreDataStack.swift; sourceTree = "<group>"; };
		1E44EED31DA877CB0054C5A2 /* NetworkController.swift */ = {isa = PBXFileReference; fileEncoding = 4; lastKnownFileType = sourcecode.swift; path = NetworkController.swift; sourceTree = "<group>"; };
		1E44EED41DA877CB0054C5A2 /* SharedErrorHandeling.swift */ = {isa = PBXFileReference; fileEncoding = 4; lastKnownFileType = sourcecode.swift; path = SharedErrorHandeling.swift; sourceTree = "<group>"; };
		1E44EEDA1DA88EC20054C5A2 /* DataModel.xcdatamodel */ = {isa = PBXFileReference; lastKnownFileType = wrapper.xcdatamodel; path = DataModel.xcdatamodel; sourceTree = "<group>"; };
		1E44EEDD1DA8911C0054C5A2 /* BlogPost.swift */ = {isa = PBXFileReference; fileEncoding = 4; lastKnownFileType = sourcecode.swift; path = BlogPost.swift; sourceTree = "<group>"; };
		1E44EEDF1DA891C70054C5A2 /* DataController.swift */ = {isa = PBXFileReference; fileEncoding = 4; lastKnownFileType = sourcecode.swift; path = DataController.swift; sourceTree = "<group>"; };
		1E44EEE11DA8951A0054C5A2 /* BlogServerAPI.swift */ = {isa = PBXFileReference; fileEncoding = 4; lastKnownFileType = sourcecode.swift; path = BlogServerAPI.swift; sourceTree = "<group>"; };
		1E78C8681DA9689600FA6A94 /* UserDefaults.swift */ = {isa = PBXFileReference; fileEncoding = 4; lastKnownFileType = sourcecode.swift; path = UserDefaults.swift; sourceTree = "<group>"; };
		1E78C86A1DA9973900FA6A94 /* SharedViewExtensions.swift */ = {isa = PBXFileReference; fileEncoding = 4; lastKnownFileType = sourcecode.swift; path = SharedViewExtensions.swift; sourceTree = "<group>"; };
		1E78C86E1DA9BFE400FA6A94 /* MyPostsController.swift */ = {isa = PBXFileReference; fileEncoding = 4; lastKnownFileType = sourcecode.swift; path = MyPostsController.swift; sourceTree = "<group>"; };
		1ED81BC71DA83FDE004D252F /* SignupViewController.swift */ = {isa = PBXFileReference; fileEncoding = 4; lastKnownFileType = sourcecode.swift; path = SignupViewController.swift; sourceTree = "<group>"; };
		1ED81BC91DA84162004D252F /* Keyboard Controll.swift */ = {isa = PBXFileReference; fileEncoding = 4; lastKnownFileType = sourcecode.swift; path = "Keyboard Controll.swift"; sourceTree = "<group>"; };
/* End PBXFileReference section */

/* Begin PBXFrameworksBuildPhase section */
		1E0D3BAB1DA7308E009B3E40 /* Frameworks */ = {
			isa = PBXFrameworksBuildPhase;
			buildActionMask = 2147483647;
			files = (
			);
			runOnlyForDeploymentPostprocessing = 0;
		};
/* End PBXFrameworksBuildPhase section */

/* Begin PBXGroup section */
		1E0D3BA51DA7308E009B3E40 = {
			isa = PBXGroup;
			children = (
				1E0D3BB01DA7308F009B3E40 /* BlogClient */,
				1E0D3BAF1DA7308F009B3E40 /* Products */,
			);
			sourceTree = "<group>";
		};
		1E0D3BAF1DA7308F009B3E40 /* Products */ = {
			isa = PBXGroup;
			children = (
				1E0D3BAE1DA7308F009B3E40 /* BlogClient.app */,
			);
			name = Products;
			sourceTree = "<group>";
		};
		1E0D3BB01DA7308F009B3E40 /* BlogClient */ = {
			isa = PBXGroup;
			children = (
				1E44EED81DA8798D0054C5A2 /* view */,
				1E44EED71DA8796F0054C5A2 /* Shared */,
				1E44EEDC1DA890B10054C5A2 /* DataNetwork */,
				1E44EED91DA88EC20054C5A2 /* DataModel.xcdatamodeld */,
				1E0D3BB51DA7308F009B3E40 /* Main.storyboard */,
				1E0D3BB81DA7308F009B3E40 /* Assets.xcassets */,
				1E0D3BBA1DA7308F009B3E40 /* LaunchScreen.storyboard */,
				1E0D3BBD1DA7308F009B3E40 /* Info.plist */,
			);
			path = BlogClient;
			sourceTree = "<group>";
		};
		1E44EED71DA8796F0054C5A2 /* Shared */ = {
			isa = PBXGroup;
			children = (
				1E0D3BB11DA7308F009B3E40 /* AppDelegate.swift */,
				1ED81BC91DA84162004D252F /* Keyboard Controll.swift */,
				1E44EED41DA877CB0054C5A2 /* SharedErrorHandeling.swift */,
				1E78C86A1DA9973900FA6A94 /* SharedViewExtensions.swift */,
				1E78C8681DA9689600FA6A94 /* UserDefaults.swift */,
			);
			name = Shared;
			sourceTree = "<group>";
		};
		1E44EED81DA8798D0054C5A2 /* view */ = {
			isa = PBXGroup;
			children = (
				1E1950D21DB0754500E4EC2E /* NewPostAndEdit.swift */,
				1E78C86E1DA9BFE400FA6A94 /* MyPostsController.swift */,
				1ED81BC71DA83FDE004D252F /* SignupViewController.swift */,
				1E0D3BB31DA7308F009B3E40 /* LoginViewController.swift */,
				1E1950D01DAFF3CC00E4EC2E /* TableViewCell.swift */,
			);
			name = view;
			sourceTree = "<group>";
		};
		1E44EEDC1DA890B10054C5A2 /* DataNetwork */ = {
			isa = PBXGroup;
			children = (
				1E44EEE11DA8951A0054C5A2 /* BlogServerAPI.swift */,
				1E44EEDD1DA8911C0054C5A2 /* BlogPost.swift */,
				1E44EEDF1DA891C70054C5A2 /* DataController.swift */,
				1E44EED31DA877CB0054C5A2 /* NetworkController.swift */,
				1E44EED11DA8774B0054C5A2 /* CoreDataStack.swift */,
			);
			name = DataNetwork;
			sourceTree = "<group>";
		};
/* End PBXGroup section */

/* Begin PBXNativeTarget section */
		1E0D3BAD1DA7308E009B3E40 /* BlogClient */ = {
			isa = PBXNativeTarget;
			buildConfigurationList = 1E0D3BC01DA7308F009B3E40 /* Build configuration list for PBXNativeTarget "BlogClient" */;
			buildPhases = (
				1E0D3BAA1DA7308E009B3E40 /* Sources */,
				1E0D3BAB1DA7308E009B3E40 /* Frameworks */,
				1E0D3BAC1DA7308E009B3E40 /* Resources */,
			);
			buildRules = (
			);
			dependencies = (
			);
			name = BlogClient;
			productName = BlogClient;
			productReference = 1E0D3BAE1DA7308F009B3E40 /* BlogClient.app */;
			productType = "com.apple.product-type.application";
		};
/* End PBXNativeTarget section */

/* Begin PBXProject section */
		1E0D3BA61DA7308E009B3E40 /* Project object */ = {
			isa = PBXProject;
			attributes = {
				LastSwiftUpdateCheck = 0800;
				LastUpgradeCheck = 0800;
				ORGANIZATIONNAME = masters3d;
				TargetAttributes = {
					1E0D3BAD1DA7308E009B3E40 = {
						CreatedOnToolsVersion = 8.0;
						DevelopmentTeam = 98V23JL673;
						ProvisioningStyle = Automatic;
					};
				};
			};
			buildConfigurationList = 1E0D3BA91DA7308E009B3E40 /* Build configuration list for PBXProject "BlogClient" */;
			compatibilityVersion = "Xcode 3.2";
			developmentRegion = English;
			hasScannedForEncodings = 0;
			knownRegions = (
				en,
				Base,
			);
			mainGroup = 1E0D3BA51DA7308E009B3E40;
			productRefGroup = 1E0D3BAF1DA7308F009B3E40 /* Products */;
			projectDirPath = "";
			projectRoot = "";
			targets = (
				1E0D3BAD1DA7308E009B3E40 /* BlogClient */,
			);
		};
/* End PBXProject section */

/* Begin PBXResourcesBuildPhase section */
		1E0D3BAC1DA7308E009B3E40 /* Resources */ = {
			isa = PBXResourcesBuildPhase;
			buildActionMask = 2147483647;
			files = (
				1E0D3BBC1DA7308F009B3E40 /* LaunchScreen.storyboard in Resources */,
				1E0D3BB91DA7308F009B3E40 /* Assets.xcassets in Resources */,
				1E0D3BB71DA7308F009B3E40 /* Main.storyboard in Resources */,
			);
			runOnlyForDeploymentPostprocessing = 0;
		};
/* End PBXResourcesBuildPhase section */

/* Begin PBXSourcesBuildPhase section */
		1E0D3BAA1DA7308E009B3E40 /* Sources */ = {
			isa = PBXSourcesBuildPhase;
			buildActionMask = 2147483647;
			files = (
				1E1950D11DAFF3CC00E4EC2E /* TableViewCell.swift in Sources */,
				1E44EED21DA8774B0054C5A2 /* CoreDataStack.swift in Sources */,
				1E44EEDB1DA88EC20054C5A2 /* DataModel.xcdatamodeld in Sources */,
				1ED81BCA1DA84162004D252F /* Keyboard Controll.swift in Sources */,
				1E44EEDE1DA8911C0054C5A2 /* BlogPost.swift in Sources */,
				1E44EED51DA877CB0054C5A2 /* NetworkController.swift in Sources */,
				1E44EEE01DA891C70054C5A2 /* DataController.swift in Sources */,
				1ED81BC81DA83FDE004D252F /* SignupViewController.swift in Sources */,
				1E1950D31DB0754500E4EC2E /* NewPostAndEdit.swift in Sources */,
				1E0D3BB41DA7308F009B3E40 /* LoginViewController.swift in Sources */,
				1E78C8691DA9689600FA6A94 /* UserDefaults.swift in Sources */,
				1E0D3BB21DA7308F009B3E40 /* AppDelegate.swift in Sources */,
				1E78C86B1DA9973900FA6A94 /* SharedViewExtensions.swift in Sources */,
				1E44EEE21DA8951A0054C5A2 /* BlogServerAPI.swift in Sources */,
				1E44EED61DA877CB0054C5A2 /* SharedErrorHandeling.swift in Sources */,
				1E78C86F1DA9BFE400FA6A94 /* MyPostsController.swift in Sources */,
			);
			runOnlyForDeploymentPostprocessing = 0;
		};
/* End PBXSourcesBuildPhase section */

/* Begin PBXVariantGroup section */
		1E0D3BB51DA7308F009B3E40 /* Main.storyboard */ = {
			isa = PBXVariantGroup;
			children = (
				1E0D3BB61DA7308F009B3E40 /* Base */,
			);
			name = Main.storyboard;
			sourceTree = "<group>";
		};
		1E0D3BBA1DA7308F009B3E40 /* LaunchScreen.storyboard */ = {
			isa = PBXVariantGroup;
			children = (
				1E0D3BBB1DA7308F009B3E40 /* Base */,
			);
			name = LaunchScreen.storyboard;
			sourceTree = "<group>";
		};
/* End PBXVariantGroup section */

/* Begin XCBuildConfiguration section */
		1E0D3BBE1DA7308F009B3E40 /* Debug */ = {
			isa = XCBuildConfiguration;
			buildSettings = {
				ALWAYS_SEARCH_USER_PATHS = NO;
				CLANG_ANALYZER_NONNULL = YES;
				CLANG_CXX_LANGUAGE_STANDARD = "gnu++0x";
				CLANG_CXX_LIBRARY = "libc++";
				CLANG_ENABLE_MODULES = YES;
				CLANG_ENABLE_OBJC_ARC = YES;
				CLANG_WARN_BOOL_CONVERSION = YES;
				CLANG_WARN_CONSTANT_CONVERSION = YES;
				CLANG_WARN_DIRECT_OBJC_ISA_USAGE = YES_ERROR;
				CLANG_WARN_DOCUMENTATION_COMMENTS = YES;
				CLANG_WARN_EMPTY_BODY = YES;
				CLANG_WARN_ENUM_CONVERSION = YES;
				CLANG_WARN_INFINITE_RECURSION = YES;
				CLANG_WARN_INT_CONVERSION = YES;
				CLANG_WARN_OBJC_ROOT_CLASS = YES_ERROR;
				CLANG_WARN_SUSPICIOUS_MOVES = YES;
				CLANG_WARN_UNREACHABLE_CODE = YES;
				CLANG_WARN__DUPLICATE_METHOD_MATCH = YES;
				"CODE_SIGN_IDENTITY[sdk=iphoneos*]" = "iPhone Developer";
				COPY_PHASE_STRIP = NO;
				DEBUG_INFORMATION_FORMAT = dwarf;
				ENABLE_STRICT_OBJC_MSGSEND = YES;
				ENABLE_TESTABILITY = YES;
				GCC_C_LANGUAGE_STANDARD = gnu99;
				GCC_DYNAMIC_NO_PIC = NO;
				GCC_NO_COMMON_BLOCKS = YES;
				GCC_OPTIMIZATION_LEVEL = 0;
				GCC_PREPROCESSOR_DEFINITIONS = (
					"DEBUG=1",
					"$(inherited)",
				);
				GCC_WARN_64_TO_32_BIT_CONVERSION = YES;
				GCC_WARN_ABOUT_RETURN_TYPE = YES_ERROR;
				GCC_WARN_UNDECLARED_SELECTOR = YES;
				GCC_WARN_UNINITIALIZED_AUTOS = YES_AGGRESSIVE;
				GCC_WARN_UNUSED_FUNCTION = YES;
				GCC_WARN_UNUSED_VARIABLE = YES;
				IPHONEOS_DEPLOYMENT_TARGET = 10.0;
				MTL_ENABLE_DEBUG_INFO = YES;
				ONLY_ACTIVE_ARCH = YES;
				SDKROOT = iphoneos;
				SWIFT_ACTIVE_COMPILATION_CONDITIONS = DEBUG;
				SWIFT_OPTIMIZATION_LEVEL = "-Onone";
			};
			name = Debug;
		};
		1E0D3BBF1DA7308F009B3E40 /* Release */ = {
			isa = XCBuildConfiguration;
			buildSettings = {
				ALWAYS_SEARCH_USER_PATHS = NO;
				CLANG_ANALYZER_NONNULL = YES;
				CLANG_CXX_LANGUAGE_STANDARD = "gnu++0x";
				CLANG_CXX_LIBRARY = "libc++";
				CLANG_ENABLE_MODULES = YES;
				CLANG_ENABLE_OBJC_ARC = YES;
				CLANG_WARN_BOOL_CONVERSION = YES;
				CLANG_WARN_CONSTANT_CONVERSION = YES;
				CLANG_WARN_DIRECT_OBJC_ISA_USAGE = YES_ERROR;
				CLANG_WARN_DOCUMENTATION_COMMENTS = YES;
				CLANG_WARN_EMPTY_BODY = YES;
				CLANG_WARN_ENUM_CONVERSION = YES;
				CLANG_WARN_INFINITE_RECURSION = YES;
				CLANG_WARN_INT_CONVERSION = YES;
				CLANG_WARN_OBJC_ROOT_CLASS = YES_ERROR;
				CLANG_WARN_SUSPICIOUS_MOVES = YES;
				CLANG_WARN_UNREACHABLE_CODE = YES;
				CLANG_WARN__DUPLICATE_METHOD_MATCH = YES;
				"CODE_SIGN_IDENTITY[sdk=iphoneos*]" = "iPhone Developer";
				COPY_PHASE_STRIP = NO;
				DEBUG_INFORMATION_FORMAT = "dwarf-with-dsym";
				ENABLE_NS_ASSERTIONS = NO;
				ENABLE_STRICT_OBJC_MSGSEND = YES;
				GCC_C_LANGUAGE_STANDARD = gnu99;
				GCC_NO_COMMON_BLOCKS = YES;
				GCC_WARN_64_TO_32_BIT_CONVERSION = YES;
				GCC_WARN_ABOUT_RETURN_TYPE = YES_ERROR;
				GCC_WARN_UNDECLARED_SELECTOR = YES;
				GCC_WARN_UNINITIALIZED_AUTOS = YES_AGGRESSIVE;
				GCC_WARN_UNUSED_FUNCTION = YES;
				GCC_WARN_UNUSED_VARIABLE = YES;
				IPHONEOS_DEPLOYMENT_TARGET = 10.0;
				MTL_ENABLE_DEBUG_INFO = NO;
				SDKROOT = iphoneos;
				SWIFT_OPTIMIZATION_LEVEL = "-Owholemodule";
				VALIDATE_PRODUCT = YES;
			};
			name = Release;
		};
		1E0D3BC11DA7308F009B3E40 /* Debug */ = {
			isa = XCBuildConfiguration;
			buildSettings = {
				ASSETCATALOG_COMPILER_APPICON_NAME = AppIcon;
				DEVELOPMENT_TEAM = 98V23JL673;
				INFOPLIST_FILE = BlogClient/Info.plist;
				LD_RUNPATH_SEARCH_PATHS = "$(inherited) @executable_path/Frameworks";
				PRODUCT_BUNDLE_IDENTIFIER = com.masters3d.BlogClient;
				PRODUCT_NAME = "$(TARGET_NAME)";
				SWIFT_VERSION = 3.0;
			};
			name = Debug;
		};
		1E0D3BC21DA7308F009B3E40 /* Release */ = {
			isa = XCBuildConfiguration;
			buildSettings = {
				ASSETCATALOG_COMPILER_APPICON_NAME = AppIcon;
				DEVELOPMENT_TEAM = 98V23JL673;
				INFOPLIST_FILE = BlogClient/Info.plist;
				LD_RUNPATH_SEARCH_PATHS = "$(inherited) @executable_path/Frameworks";
				PRODUCT_BUNDLE_IDENTIFIER = com.masters3d.BlogClient;
				PRODUCT_NAME = "$(TARGET_NAME)";
				SWIFT_VERSION = 3.0;
			};
			name = Release;
		};
/* End XCBuildConfiguration section */

/* Begin XCConfigurationList section */
		1E0D3BA91DA7308E009B3E40 /* Build configuration list for PBXProject "BlogClient" */ = {
			isa = XCConfigurationList;
			buildConfigurations = (
				1E0D3BBE1DA7308F009B3E40 /* Debug */,
				1E0D3BBF1DA7308F009B3E40 /* Release */,
			);
			defaultConfigurationIsVisible = 0;
			defaultConfigurationName = Release;
		};
		1E0D3BC01DA7308F009B3E40 /* Build configuration list for PBXNativeTarget "BlogClient" */ = {
			isa = XCConfigurationList;
			buildConfigurations = (
				1E0D3BC11DA7308F009B3E40 /* Debug */,
				1E0D3BC21DA7308F009B3E40 /* Release */,
			);
			defaultConfigurationIsVisible = 0;
			defaultConfigurationName = Release;
		};
/* End XCConfigurationList section */

/* Begin XCVersionGroup section */
		1E44EED91DA88EC20054C5A2 /* DataModel.xcdatamodeld */ = {
			isa = XCVersionGroup;
			children = (
				1E44EEDA1DA88EC20054C5A2 /* DataModel.xcdatamodel */,
			);
			currentVersion = 1E44EEDA1DA88EC20054C5A2 /* DataModel.xcdatamodel */;
			path = DataModel.xcdatamodeld;
			sourceTree = "<group>";
			versionGroupType = wrapper.xcdatamodel;
		};
/* End XCVersionGroup section */
	};
	rootObject = 1E0D3BA61DA7308E009B3E40 /* Project object */;
}
